
Microsoft Visual Studio Solution File, Format Version 12.00
# Visual Studio Version 16
VisualStudioVersion = 16.0.32228.343
MinimumVisualStudioVersion = 10.0.40219.1
Project("{888888A0-9F3D-457C-B088-3A5042F75D52}") = "ModelManager", "ModelManager\ModelManager.pyproj", "{752FBD9D-83E4-409A-8F6E-F26FBB78459A}"
EndProject
Global
	GlobalSection(SolutionConfigurationPlatforms) = preSolution
		Debug|Any CPU = Debug|Any CPU
		Release|Any CPU = Release|Any CPU
	EndGlobalSection
	GlobalSection(ProjectConfigurationPlatforms) = postSolution
		{752FBD9D-83E4-409A-8F6E-F26FBB78459A}.Debug|Any CPU.ActiveCfg = Debug|Any CPU
		{752FBD9D-83E4-409A-8F6E-F26FBB78459A}.Release|Any CPU.ActiveCfg = Release|Any CPU
	EndGlobalSection
	GlobalSection(SolutionProperties) = preSolution
		HideSolutionNode = FALSE
	EndGlobalSection
	GlobalSection(ExtensibilityGlobals) = postSolution
		SolutionGuid = {D66C2172-29F9-4CD8-9800-F18383BB5C84}
	EndGlobalSection
EndGlobal
