
Microsoft Visual Studio Solution File, Format Version 12.00
# Visual Studio Version 16
VisualStudioVersion = 16.0.31410.357
MinimumVisualStudioVersion = 10.0.40219.1
Project("{FAE04EC0-301F-11D3-BF4B-00C04F79EFBC}") = "Scraper Manager", "Scraper Manager\Scraper Manager.csproj", "{2AD1C861-F58E-42D8-9B03-45A4F8B194F1}"
EndProject
Global
	GlobalSection(SolutionConfigurationPlatforms) = preSolution
		Debug|Any CPU = Debug|Any CPU
		Release|Any CPU = Release|Any CPU
	EndGlobalSection
	GlobalSection(ProjectConfigurationPlatforms) = postSolution
		{2AD1C861-F58E-42D8-9B03-45A4F8B194F1}.Debug|Any CPU.ActiveCfg = Debug|Any CPU
		{2AD1C861-F58E-42D8-9B03-45A4F8B194F1}.Debug|Any CPU.Build.0 = Debug|Any CPU
		{2AD1C861-F58E-42D8-9B03-45A4F8B194F1}.Release|Any CPU.ActiveCfg = Release|Any CPU
		{2AD1C861-F58E-42D8-9B03-45A4F8B194F1}.Release|Any CPU.Build.0 = Release|Any CPU
	EndGlobalSection
	GlobalSection(SolutionProperties) = preSolution
		HideSolutionNode = FALSE
	EndGlobalSection
	GlobalSection(ExtensibilityGlobals) = postSolution
		SolutionGuid = {3B70F058-3F5A-4BB6-9A96-510D9A059EB9}
	EndGlobalSection
EndGlobal
