
Microsoft Visual Studio Solution File, Format Version 12.00
# Visual Studio Version 16
VisualStudioVersion = 16.0.32228.343
MinimumVisualStudioVersion = 10.0.40219.1
Project("{FAE04EC0-301F-11D3-BF4B-00C04F79EFBC}") = "UI", "UI\UI.csproj", "{912F07A5-CF93-4F38-A21F-E2DD6E326487}"
EndProject
Global
	GlobalSection(SolutionConfigurationPlatforms) = preSolution
		Debug|Any CPU = Debug|Any CPU
		Release|Any CPU = Release|Any CPU
	EndGlobalSection
	GlobalSection(ProjectConfigurationPlatforms) = postSolution
		{912F07A5-CF93-4F38-A21F-E2DD6E326487}.Debug|Any CPU.ActiveCfg = Debug|Any CPU
		{912F07A5-CF93-4F38-A21F-E2DD6E326487}.Debug|Any CPU.Build.0 = Debug|Any CPU
		{912F07A5-CF93-4F38-A21F-E2DD6E326487}.Release|Any CPU.ActiveCfg = Release|Any CPU
		{912F07A5-CF93-4F38-A21F-E2DD6E326487}.Release|Any CPU.Build.0 = Release|Any CPU
	EndGlobalSection
	GlobalSection(SolutionProperties) = preSolution
		HideSolutionNode = FALSE
	EndGlobalSection
	GlobalSection(ExtensibilityGlobals) = postSolution
		SolutionGuid = {3B3F8D20-BA5C-430B-B1C4-2A1ACA756FCA}
	EndGlobalSection
EndGlobal
